dependencies:
- name: elasticsearch
  repository: oci://registry-1.docker.io/bitnamicharts
  version: 22.0.4
- name: minio
  repository: oci://registry-1.docker.io/bitnamicharts
  version: 12.13.2
- name: postgresql
  repository: oci://registry-1.docker.io/bitnamicharts
  version: 16.7.4
- name: rabbitmq
  repository: oci://registry-1.docker.io/bitnamicharts
  version: 16.0.3
- name: redis
  repository: oci://registry-1.docker.io/bitnamicharts
  version: 21.1.6
digest: sha256:27c1e70e1a4e86bb6aff09ef3dae2137d70f723a6627a3b7396cfe323d2e6233
generated: "2025-05-24T05:49:07.725267103Z"
